
Microsoft Visual Studio Solution File, Format Version 12.00
# Visual Studio 15
VisualStudioVersion = 15.0.27428.2015
MinimumVisualStudioVersion = 10.0.40219.1
Project("{FAE04EC0-301F-11D3-BF4B-00C04F79EFBC}") = "SGB", "SGB\SGB.csproj", "{0C821801-6F47-4895-B04C-C5E3FF84F00A}"
EndProject
Project("{FAE04EC0-301F-11D3-BF4B-00C04F79EFBC}") = "Model", "Model\Model.csproj", "{778228F4-4EBE-4579-A578-BE1730BAF1E0}"
EndProject
Project("{FAE04EC0-301F-11D3-BF4B-00C04F79EFBC}") = "DataAcccess", "DataAcccess\DataAcccess.csproj", "{8D3236CB-2039-49EB-8E07-5DECBE6959B4}"
EndProject
Project("{FAE04EC0-301F-11D3-BF4B-00C04F79EFBC}") = "Business", "Business\Business.csproj", "{168C3C56-1F01-4B4B-804F-776ADD06C81D}"
EndProject
Global
	GlobalSection(SolutionConfigurationPlatforms) = preSolution
		Debug|Any CPU = Debug|Any CPU
		Release|Any CPU = Release|Any CPU
	EndGlobalSection
	GlobalSection(ProjectConfigurationPlatforms) = postSolution
		{0C821801-6F47-4895-B04C-C5E3FF84F00A}.Debug|Any CPU.ActiveCfg = Debug|Any CPU
		{0C821801-6F47-4895-B04C-C5E3FF84F00A}.Debug|Any CPU.Build.0 = Debug|Any CPU
		{0C821801-6F47-4895-B04C-C5E3FF84F00A}.Release|Any CPU.ActiveCfg = Release|Any CPU
		{0C821801-6F47-4895-B04C-C5E3FF84F00A}.Release|Any CPU.Build.0 = Release|Any CPU
		{778228F4-4EBE-4579-A578-BE1730BAF1E0}.Debug|Any CPU.ActiveCfg = Debug|Any CPU
		{778228F4-4EBE-4579-A578-BE1730BAF1E0}.Debug|Any CPU.Build.0 = Debug|Any CPU
		{778228F4-4EBE-4579-A578-BE1730BAF1E0}.Release|Any CPU.ActiveCfg = Release|Any CPU
		{778228F4-4EBE-4579-A578-BE1730BAF1E0}.Release|Any CPU.Build.0 = Release|Any CPU
		{8D3236CB-2039-49EB-8E07-5DECBE6959B4}.Debug|Any CPU.ActiveCfg = Debug|Any CPU
		{8D3236CB-2039-49EB-8E07-5DECBE6959B4}.Debug|Any CPU.Build.0 = Debug|Any CPU
		{8D3236CB-2039-49EB-8E07-5DECBE6959B4}.Release|Any CPU.ActiveCfg = Release|Any CPU
		{8D3236CB-2039-49EB-8E07-5DECBE6959B4}.Release|Any CPU.Build.0 = Release|Any CPU
		{168C3C56-1F01-4B4B-804F-776ADD06C81D}.Debug|Any CPU.ActiveCfg = Debug|Any CPU
		{168C3C56-1F01-4B4B-804F-776ADD06C81D}.Debug|Any CPU.Build.0 = Debug|Any CPU
		{168C3C56-1F01-4B4B-804F-776ADD06C81D}.Release|Any CPU.ActiveCfg = Release|Any CPU
		{168C3C56-1F01-4B4B-804F-776ADD06C81D}.Release|Any CPU.Build.0 = Release|Any CPU
	EndGlobalSection
	GlobalSection(SolutionProperties) = preSolution
		HideSolutionNode = FALSE
	EndGlobalSection
	GlobalSection(ExtensibilityGlobals) = postSolution
		SolutionGuid = {C17227CD-FC9E-4405-A799-9771C8A629FF}
	EndGlobalSection
EndGlobal
